// !$*UTF8*$!
{
	archiveVersion = 1;
	classes = {
	};
	objectVersion = 50;
	objects = {

/* Begin PBXBuildFile section */
		49662642234454DE0026624B /* AppDelegate.swift in Sources */ = {isa = PBXBuildFile; fileRef = 49662641234454DE0026624B /* AppDelegate.swift */; };
		49662644234454DE0026624B /* ViewController.swift in Sources */ = {isa = PBXBuildFile; fileRef = 49662643234454DE0026624B /* ViewController.swift */; };
		49662647234454DE0026624B /* Main.storyboard in Resources */ = {isa = PBXBuildFile; fileRef = 49662645234454DE0026624B /* Main.storyboard */; };
		49662649234454E20026624B /* Assets.xcassets in Resources */ = {isa = PBXBuildFile; fileRef = 49662648234454E20026624B /* Assets.xcassets */; };
		4966264C234454E20026624B /* LaunchScreen.storyboard in Resources */ = {isa = PBXBuildFile; fileRef = 4966264A234454E20026624B /* LaunchScreen.storyboard */; };
		49662657234454E20026624B /* JSONFileParsingTests.swift in Sources */ = {isa = PBXBuildFile; fileRef = 49662656234454E20026624B /* JSONFileParsingTests.swift */; };
		49662662234454E20026624B /* JSONFileParsingUITests.swift in Sources */ = {isa = PBXBuildFile; fileRef = 49662661234454E20026624B /* JSONFileParsingUITests.swift */; };
		496626702344551C0026624B /* weeks.json in Resources */ = {isa = PBXBuildFile; fileRef = 4966266F2344551C0026624B /* weeks.json */; };
		49662672234458CE0026624B /* JsonParsingTableViewCell.swift in Sources */ = {isa = PBXBuildFile; fileRef = 49662671234458CE0026624B /* JsonParsingTableViewCell.swift */; };
/* End PBXBuildFile section */

/* Begin PBXContainerItemProxy section */
		49662653234454E20026624B /* PBXContainerItemProxy */ = {
			isa = PBXContainerItemProxy;
			containerPortal = 49662636234454DE0026624B /* Project object */;
			proxyType = 1;
			remoteGlobalIDString = 4966263D234454DE0026624B;
			remoteInfo = JSONFileParsing;
		};
		4966265E234454E20026624B /* PBXContainerItemProxy */ = {
			isa = PBXContainerItemProxy;
			containerPortal = 49662636234454DE0026624B /* Project object */;
			proxyType = 1;
			remoteGlobalIDString = 4966263D234454DE0026624B;
			remoteInfo = JSONFileParsing;
		};
/* End PBXContainerItemProxy section */

/* Begin PBXFileReference section */
		4966263E234454DE0026624B /* JSONFileParsing.app */ = {isa = PBXFileReference; explicitFileType = wrapper.application; includeInIndex = 0; path = JSONFileParsing.app; sourceTree = BUILT_PRODUCTS_DIR; };
		49662641234454DE0026624B /* AppDelegate.swift */ = {isa = PBXFileReference; lastKnownFileType = sourcecode.swift; path = AppDelegate.swift; sourceTree = "<group>"; };
		49662643234454DE0026624B /* ViewController.swift */ = {isa = PBXFileReference; lastKnownFileType = sourcecode.swift; path = ViewController.swift; sourceTree = "<group>"; };
		49662646234454DE0026624B /* Base */ = {isa = PBXFileReference; lastKnownFileType = file.storyboard; name = Base; path = Base.lproj/Main.storyboard; sourceTree = "<group>"; };
		49662648234454E20026624B /* Assets.xcassets */ = {isa = PBXFileReference; lastKnownFileType = folder.assetcatalog; path = Assets.xcassets; sourceTree = "<group>"; };
		4966264B234454E20026624B /* Base */ = {isa = PBXFileReference; lastKnownFileType = file.storyboard; name = Base; path = Base.lproj/LaunchScreen.storyboard; sourceTree = "<group>"; };
		4966264D234454E20026624B /* Info.plist */ = {isa = PBXFileReference; lastKnownFileType = text.plist.xml; path = Info.plist; sourceTree = "<group>"; };
		49662652234454E20026624B /* JSONFileParsingTests.xctest */ = {isa = PBXFileReference; explicitFileType = wrapper.cfbundle; includeInIndex = 0; path = JSONFileParsingTests.xctest; sourceTree = BUILT_PRODUCTS_DIR; };
		49662656234454E20026624B /* JSONFileParsingTests.swift */ = {isa = PBXFileReference; lastKnownFileType = sourcecode.swift; path = JSONFileParsingTests.swift; sourceTree = "<group>"; };
		49662658234454E20026624B /* Info.plist */ = {isa = PBXFileReference; lastKnownFileType = text.plist.xml; path = Info.plist; sourceTree = "<group>"; };
		4966265D234454E20026624B /* JSONFileParsingUITests.xctest */ = {isa = PBXFileReference; explicitFileType = wrapper.cfbundle; includeInIndex = 0; path = JSONFileParsingUITests.xctest; sourceTree = BUILT_PRODUCTS_DIR; };
		49662661234454E20026624B /* JSONFileParsingUITests.swift */ = {isa = PBXFileReference; lastKnownFileType = sourcecode.swift; path = JSONFileParsingUITests.swift; sourceTree = "<group>"; };
		49662663234454E20026624B /* Info.plist */ = {isa = PBXFileReference; lastKnownFileType = text.plist.xml; path = Info.plist; sourceTree = "<group>"; };
		4966266F2344551C0026624B /* weeks.json */ = {isa = PBXFileReference; lastKnownFileType = text.json; path = weeks.json; sourceTree = "<group>"; };
		49662671234458CE0026624B /* JsonParsingTableViewCell.swift */ = {isa = PBXFileReference; lastKnownFileType = sourcecode.swift; path = JsonParsingTableViewCell.swift; sourceTree = "<group>"; };
/* End PBXFileReference section */

/* Begin PBXFrameworksBuildPhase section */
		4966263B234454DE0026624B /* Frameworks */ = {
			isa = PBXFrameworksBuildPhase;
			buildActionMask = 2147483647;
			files = (
			);
			runOnlyForDeploymentPostprocessing = 0;
		};
		4966264F234454E20026624B /* Frameworks */ = {
			isa = PBXFrameworksBuildPhase;
			buildActionMask = 2147483647;
			files = (
			);
			runOnlyForDeploymentPostprocessing = 0;
		};
		4966265A234454E20026624B /* Frameworks */ = {
			isa = PBXFrameworksBuildPhase;
			buildActionMask = 2147483647;
			files = (
			);
			runOnlyForDeploymentPostprocessing = 0;
		};
/* End PBXFrameworksBuildPhase section */

/* Begin PBXGroup section */
		49662635234454DE0026624B = {
			isa = PBXGroup;
			children = (
				49662640234454DE0026624B /* JSONFileParsing */,
				49662655234454E20026624B /* JSONFileParsingTests */,
				49662660234454E20026624B /* JSONFileParsingUITests */,
				4966263F234454DE0026624B /* Products */,
			);
			sourceTree = "<group>";
		};
		4966263F234454DE0026624B /* Products */ = {
			isa = PBXGroup;
			children = (
				4966263E234454DE0026624B /* JSONFileParsing.app */,
				49662652234454E20026624B /* JSONFileParsingTests.xctest */,
				4966265D234454E20026624B /* JSONFileParsingUITests.xctest */,
			);
			name = Products;
			sourceTree = "<group>";
		};
		49662640234454DE0026624B /* JSONFileParsing */ = {
			isa = PBXGroup;
			children = (
				49662641234454DE0026624B /* AppDelegate.swift */,
				49662643234454DE0026624B /* ViewController.swift */,
				49662645234454DE0026624B /* Main.storyboard */,
				49662648234454E20026624B /* Assets.xcassets */,
				4966264A234454E20026624B /* LaunchScreen.storyboard */,
				4966264D234454E20026624B /* Info.plist */,
				4966266F2344551C0026624B /* weeks.json */,
				49662671234458CE0026624B /* JsonParsingTableViewCell.swift */,
			);
			path = JSONFileParsing;
			sourceTree = "<group>";
		};
		49662655234454E20026624B /* JSONFileParsingTests */ = {
			isa = PBXGroup;
			children = (
				49662656234454E20026624B /* JSONFileParsingTests.swift */,
				49662658234454E20026624B /* Info.plist */,
			);
			path = JSONFileParsingTests;
			sourceTree = "<group>";
		};
		49662660234454E20026624B /* JSONFileParsingUITests */ = {
			isa = PBXGroup;
			children = (
				49662661234454E20026624B /* JSONFileParsingUITests.swift */,
				49662663234454E20026624B /* Info.plist */,
			);
			path = JSONFileParsingUITests;
			sourceTree = "<group>";
		};
/* End PBXGroup section */

/* Begin PBXNativeTarget section */
		4966263D234454DE0026624B /* JSONFileParsing */ = {
			isa = PBXNativeTarget;
			buildConfigurationList = 49662666234454E20026624B /* Build configuration list for PBXNativeTarget "JSONFileParsing" */;
			buildPhases = (
				4966263A234454DE0026624B /* Sources */,
				4966263B234454DE0026624B /* Frameworks */,
				4966263C234454DE0026624B /* Resources */,
			);
			buildRules = (
			);
			dependencies = (
			);
			name = JSONFileParsing;
			productName = JSONFileParsing;
			productReference = 4966263E234454DE0026624B /* JSONFileParsing.app */;
			productType = "com.apple.product-type.application";
		};
		49662651234454E20026624B /* JSONFileParsingTests */ = {
			isa = PBXNativeTarget;
			buildConfigurationList = 49662669234454E20026624B /* Build configuration list for PBXNativeTarget "JSONFileParsingTests" */;
			buildPhases = (
				4966264E234454E20026624B /* Sources */,
				4966264F234454E20026624B /* Frameworks */,
				49662650234454E20026624B /* Resources */,
			);
			buildRules = (
			);
			dependencies = (
				49662654234454E20026624B /* PBXTargetDependency */,
			);
			name = JSONFileParsingTests;
			productName = JSONFileParsingTests;
			productReference = 49662652234454E20026624B /* JSONFileParsingTests.xctest */;
			productType = "com.apple.product-type.bundle.unit-test";
		};
		4966265C234454E20026624B /* JSONFileParsingUITests */ = {
			isa = PBXNativeTarget;
			buildConfigurationList = 4966266C234454E20026624B /* Build configuration list for PBXNativeTarget "JSONFileParsingUITests" */;
			buildPhases = (
				49662659234454E20026624B /* Sources */,
				4966265A234454E20026624B /* Frameworks */,
				4966265B234454E20026624B /* Resources */,
			);
			buildRules = (
			);
			dependencies = (
				4966265F234454E20026624B /* PBXTargetDependency */,
			);
			name = JSONFileParsingUITests;
			productName = JSONFileParsingUITests;
			productReference = 4966265D234454E20026624B /* JSONFileParsingUITests.xctest */;
			productType = "com.apple.product-type.bundle.ui-testing";
		};
/* End PBXNativeTarget section */

/* Begin PBXProject section */
		49662636234454DE0026624B /* Project object */ = {
			isa = PBXProject;
			attributes = {
				LastSwiftUpdateCheck = 1030;
				LastUpgradeCheck = 1030;
				ORGANIZATIONNAME = jabeed;
				TargetAttributes = {
					4966263D234454DE0026624B = {
						CreatedOnToolsVersion = 10.3;
					};
					49662651234454E20026624B = {
						CreatedOnToolsVersion = 10.3;
						TestTargetID = 4966263D234454DE0026624B;
					};
					4966265C234454E20026624B = {
						CreatedOnToolsVersion = 10.3;
						TestTargetID = 4966263D234454DE0026624B;
					};
				};
			};
			buildConfigurationList = 49662639234454DE0026624B /* Build configuration list for PBXProject "JSONFileParsing" */;
			compatibilityVersion = "Xcode 9.3";
			developmentRegion = en;
			hasScannedForEncodings = 0;
			knownRegions = (
				en,
				Base,
			);
			mainGroup = 49662635234454DE0026624B;
			productRefGroup = 4966263F234454DE0026624B /* Products */;
			projectDirPath = "";
			projectRoot = "";
			targets = (
				4966263D234454DE0026624B /* JSONFileParsing */,
				49662651234454E20026624B /* JSONFileParsingTests */,
				4966265C234454E20026624B /* JSONFileParsingUITests */,
			);
		};
/* End PBXProject section */

/* Begin PBXResourcesBuildPhase section */
		4966263C234454DE0026624B /* Resources */ = {
			isa = PBXResourcesBuildPhase;
			buildActionMask = 2147483647;
			files = (
				4966264C234454E20026624B /* LaunchScreen.storyboard in Resources */,
				496626702344551C0026624B /* weeks.json in Resources */,
				49662649234454E20026624B /* Assets.xcassets in Resources */,
				49662647234454DE0026624B /* Main.storyboard in Resources */,
			);
			runOnlyForDeploymentPostprocessing = 0;
		};
		49662650234454E20026624B /* Resources */ = {
			isa = PBXResourcesBuildPhase;
			buildActionMask = 2147483647;
			files = (
			);
			runOnlyForDeploymentPostprocessing = 0;
		};
		4966265B234454E20026624B /* Resources */ = {
			isa = PBXResourcesBuildPhase;
			buildActionMask = 2147483647;
			files = (
			);
			runOnlyForDeploymentPostprocessing = 0;
		};
/* End PBXResourcesBuildPhase section */

/* Begin PBXSourcesBuildPhase section */
		4966263A234454DE0026624B /* Sources */ = {
			isa = PBXSourcesBuildPhase;
			buildActionMask = 2147483647;
			files = (
				49662644234454DE0026624B /* ViewController.swift in Sources */,
				49662642234454DE0026624B /* AppDelegate.swift in Sources */,
				49662672234458CE0026624B /* JsonParsingTableViewCell.swift in Sources */,
			);
			runOnlyForDeploymentPostprocessing = 0;
		};
		4966264E234454E20026624B /* Sources */ = {
			isa = PBXSourcesBuildPhase;
			buildActionMask = 2147483647;
			files = (
				49662657234454E20026624B /* JSONFileParsingTests.swift in Sources */,
			);
			runOnlyForDeploymentPostprocessing = 0;
		};
		49662659234454E20026624B /* Sources */ = {
			isa = PBXSourcesBuildPhase;
			buildActionMask = 2147483647;
			files = (
				49662662234454E20026624B /* JSONFileParsingUITests.swift in Sources */,
			);
			runOnlyForDeploymentPostprocessing = 0;
		};
/* End PBXSourcesBuildPhase section */

/* Begin PBXTargetDependency section */
		49662654234454E20026624B /* PBXTargetDependency */ = {
			isa = PBXTargetDependency;
			target = 4966263D234454DE0026624B /* JSONFileParsing */;
			targetProxy = 49662653234454E20026624B /* PBXContainerItemProxy */;
		};
		4966265F234454E20026624B /* PBXTargetDependency */ = {
			isa = PBXTargetDependency;
			target = 4966263D234454DE0026624B /* JSONFileParsing */;
			targetProxy = 4966265E234454E20026624B /* PBXContainerItemProxy */;
		};
/* End PBXTargetDependency section */

/* Begin PBXVariantGroup section */
		49662645234454DE0026624B /* Main.storyboard */ = {
			isa = PBXVariantGroup;
			children = (
				49662646234454DE0026624B /* Base */,
			);
			name = Main.storyboard;
			sourceTree = "<group>";
		};
		4966264A234454E20026624B /* LaunchScreen.storyboard */ = {
			isa = PBXVariantGroup;
			children = (
				4966264B234454E20026624B /* Base */,
			);
			name = LaunchScreen.storyboard;
			sourceTree = "<group>";
		};
/* End PBXVariantGroup section */

/* Begin XCBuildConfiguration section */
		49662664234454E20026624B /* Debug */ = {
			isa = XCBuildConfiguration;
			buildSettings = {
				ALWAYS_SEARCH_USER_PATHS = NO;
				CLANG_ANALYZER_NONNULL = YES;
				CLANG_ANALYZER_NUMBER_OBJECT_CONVERSION = YES_AGGRESSIVE;
				CLANG_CXX_LANGUAGE_STANDARD = "gnu++14";
				CLANG_CXX_LIBRARY = "libc++";
				CLANG_ENABLE_MODULES = YES;
				CLANG_ENABLE_OBJC_ARC = YES;
				CLANG_ENABLE_OBJC_WEAK = YES;
				CLANG_WARN_BLOCK_CAPTURE_AUTORELEASING = YES;
				CLANG_WARN_BOOL_CONVERSION = YES;
				CLANG_WARN_COMMA = YES;
				CLANG_WARN_CONSTANT_CONVERSION = YES;
				CLANG_WARN_DEPRECATED_OBJC_IMPLEMENTATIONS = YES;
				CLANG_WARN_DIRECT_OBJC_ISA_USAGE = YES_ERROR;
				CLANG_WARN_DOCUMENTATION_COMMENTS = YES;
				CLANG_WARN_EMPTY_BODY = YES;
				CLANG_WARN_ENUM_CONVERSION = YES;
				CLANG_WARN_INFINITE_RECURSION = YES;
				CLANG_WARN_INT_CONVERSION = YES;
				CLANG_WARN_NON_LITERAL_NULL_CONVERSION = YES;
				CLANG_WARN_OBJC_IMPLICIT_RETAIN_SELF = YES;
				CLANG_WARN_OBJC_LITERAL_CONVERSION = YES;
				CLANG_WARN_OBJC_ROOT_CLASS = YES_ERROR;
				CLANG_WARN_RANGE_LOOP_ANALYSIS = YES;
				CLANG_WARN_STRICT_PROTOTYPES = YES;
				CLANG_WARN_SUSPICIOUS_MOVE = YES;
				CLANG_WARN_UNGUARDED_AVAILABILITY = YES_AGGRESSIVE;
				CLANG_WARN_UNREACHABLE_CODE = YES;
				CLANG_WARN__DUPLICATE_METHOD_MATCH = YES;
				CODE_SIGN_IDENTITY = "iPhone Developer";
				COPY_PHASE_STRIP = NO;
				DEBUG_INFORMATION_FORMAT = dwarf;
				ENABLE_STRICT_OBJC_MSGSEND = YES;
				ENABLE_TESTABILITY = YES;
				GCC_C_LANGUAGE_STANDARD = gnu11;
				GCC_DYNAMIC_NO_PIC = NO;
				GCC_NO_COMMON_BLOCKS = YES;
				GCC_OPTIMIZATION_LEVEL = 0;
				GCC_PREPROCESSOR_DEFINITIONS = (
					"DEBUG=1",
					"$(inherited)",
				);
				GCC_WARN_64_TO_32_BIT_CONVERSION = YES;
				GCC_WARN_ABOUT_RETURN_TYPE = YES_ERROR;
				GCC_WARN_UNDECLARED_SELECTOR = YES;
				GCC_WARN_UNINITIALIZED_AUTOS = YES_AGGRESSIVE;
				GCC_WARN_UNUSED_FUNCTION = YES;
				GCC_WARN_UNUSED_VARIABLE = YES;
				IPHONEOS_DEPLOYMENT_TARGET = 12.4;
				MTL_ENABLE_DEBUG_INFO = INCLUDE_SOURCE;
				MTL_FAST_MATH = YES;
				ONLY_ACTIVE_ARCH = YES;
				SDKROOT = iphoneos;
				SWIFT_ACTIVE_COMPILATION_CONDITIONS = DEBUG;
				SWIFT_OPTIMIZATION_LEVEL = "-Onone";
			};
			name = Debug;
		};
		49662665234454E20026624B /* Release */ = {
			isa = XCBuildConfiguration;
			buildSettings = {
				ALWAYS_SEARCH_USER_PATHS = NO;
				CLANG_ANALYZER_NONNULL = YES;
				CLANG_ANALYZER_NUMBER_OBJECT_CONVERSION = YES_AGGRESSIVE;
				CLANG_CXX_LANGUAGE_STANDARD = "gnu++14";
				CLANG_CXX_LIBRARY = "libc++";
				CLANG_ENABLE_MODULES = YES;
				CLANG_ENABLE_OBJC_ARC = YES;
				CLANG_ENABLE_OBJC_WEAK = YES;
				CLANG_WARN_BLOCK_CAPTURE_AUTORELEASING = YES;
				CLANG_WARN_BOOL_CONVERSION = YES;
				CLANG_WARN_COMMA = YES;
				CLANG_WARN_CONSTANT_CONVERSION = YES;
				CLANG_WARN_DEPRECATED_OBJC_IMPLEMENTATIONS = YES;
				CLANG_WARN_DIRECT_OBJC_ISA_USAGE = YES_ERROR;
				CLANG_WARN_DOCUMENTATION_COMMENTS = YES;
				CLANG_WARN_EMPTY_BODY = YES;
				CLANG_WARN_ENUM_CONVERSION = YES;
				CLANG_WARN_INFINITE_RECURSION = YES;
				CLANG_WARN_INT_CONVERSION = YES;
				CLANG_WARN_NON_LITERAL_NULL_CONVERSION = YES;
				CLANG_WARN_OBJC_IMPLICIT_RETAIN_SELF = YES;
				CLANG_WARN_OBJC_LITERAL_CONVERSION = YES;
				CLANG_WARN_OBJC_ROOT_CLASS = YES_ERROR;
				CLANG_WARN_RANGE_LOOP_ANALYSIS = YES;
				CLANG_WARN_STRICT_PROTOTYPES = YES;
				CLANG_WARN_SUSPICIOUS_MOVE = YES;
				CLANG_WARN_UNGUARDED_AVAILABILITY = YES_AGGRESSIVE;
				CLANG_WARN_UNREACHABLE_CODE = YES;
				CLANG_WARN__DUPLICATE_METHOD_MATCH = YES;
				CODE_SIGN_IDENTITY = "iPhone Developer";
				COPY_PHASE_STRIP = NO;
				DEBUG_INFORMATION_FORMAT = "dwarf-with-dsym";
				ENABLE_NS_ASSERTIONS = NO;
				ENABLE_STRICT_OBJC_MSGSEND = YES;
				GCC_C_LANGUAGE_STANDARD = gnu11;
				GCC_NO_COMMON_BLOCKS = YES;
				GCC_WARN_64_TO_32_BIT_CONVERSION = YES;
				GCC_WARN_ABOUT_RETURN_TYPE = YES_ERROR;
				GCC_WARN_UNDECLARED_SELECTOR = YES;
				GCC_WARN_UNINITIALIZED_AUTOS = YES_AGGRESSIVE;
				GCC_WARN_UNUSED_FUNCTION = YES;
				GCC_WARN_UNUSED_VARIABLE = YES;
				IPHONEOS_DEPLOYMENT_TARGET = 12.4;
				MTL_ENABLE_DEBUG_INFO = NO;
				MTL_FAST_MATH = YES;
				SDKROOT = iphoneos;
				SWIFT_COMPILATION_MODE = wholemodule;
				SWIFT_OPTIMIZATION_LEVEL = "-O";
				VALIDATE_PRODUCT = YES;
			};
			name = Release;
		};
		49662667234454E20026624B /* Debug */ = {
			isa = XCBuildConfiguration;
			buildSettings = {
				ASSETCATALOG_COMPILER_APPICON_NAME = AppIcon;
				CODE_SIGN_STYLE = Automatic;
				INFOPLIST_FILE = JSONFileParsing/Info.plist;
				LD_RUNPATH_SEARCH_PATHS = (
					"$(inherited)",
					"@executable_path/Frameworks",
				);
				PRODUCT_BUNDLE_IDENTIFIER = "com.papa.-.JSONFileParsing";
				PRODUCT_NAME = "$(TARGET_NAME)";
				SWIFT_VERSION = 4.0;
				TARGETED_DEVICE_FAMILY = "1,2";
			};
			name = Debug;
		};
		49662668234454E20026624B /* Release */ = {
			isa = XCBuildConfiguration;
			buildSettings = {
				ASSETCATALOG_COMPILER_APPICON_NAME = AppIcon;
				CODE_SIGN_STYLE = Automatic;
				INFOPLIST_FILE = JSONFileParsing/Info.plist;
				LD_RUNPATH_SEARCH_PATHS = (
					"$(inherited)",
					"@executable_path/Frameworks",
				);
				PRODUCT_BUNDLE_IDENTIFIER = "com.papa.-.JSONFileParsing";
				PRODUCT_NAME = "$(TARGET_NAME)";
				SWIFT_VERSION = 4.0;
				TARGETED_DEVICE_FAMILY = "1,2";
			};
			name = Release;
		};
		4966266A234454E20026624B /* Debug */ = {
			isa = XCBuildConfiguration;
			buildSettings = {
				ALWAYS_EMBED_SWIFT_STANDARD_LIBRARIES = YES;
				BUNDLE_LOADER = "$(TEST_HOST)";
				CODE_SIGN_STYLE = Automatic;
				INFOPLIST_FILE = JSONFileParsingTests/Info.plist;
				LD_RUNPATH_SEARCH_PATHS = (
					"$(inherited)",
					"@executable_path/Frameworks",
					"@loader_path/Frameworks",
				);
				PRODUCT_BUNDLE_IDENTIFIER = "com.papa.-.JSONFileParsingTests";
				PRODUCT_NAME = "$(TARGET_NAME)";
				SWIFT_VERSION = 5.0;
				TARGETED_DEVICE_FAMILY = "1,2";
				TEST_HOST = "$(BUILT_PRODUCTS_DIR)/JSONFileParsing.app/JSONFileParsing";
			};
			name = Debug;
		};
		4966266B234454E20026624B /* Release */ = {
			isa = XCBuildConfiguration;
			buildSettings = {
				ALWAYS_EMBED_SWIFT_STANDARD_LIBRARIES = YES;
				BUNDLE_LOADER = "$(TEST_HOST)";
				CODE_SIGN_STYLE = Automatic;
				INFOPLIST_FILE = JSONFileParsingTests/Info.plist;
				LD_RUNPATH_SEARCH_PATHS = (
					"$(inherited)",
					"@executable_path/Frameworks",
					"@loader_path/Frameworks",
				);
				PRODUCT_BUNDLE_IDENTIFIER = "com.papa.-.JSONFileParsingTests";
				PRODUCT_NAME = "$(TARGET_NAME)";
				SWIFT_VERSION = 5.0;
				TARGETED_DEVICE_FAMILY = "1,2";
				TEST_HOST = "$(BUILT_PRODUCTS_DIR)/JSONFileParsing.app/JSONFileParsing";
			};
			name = Release;
		};
		4966266D234454E20026624B /* Debug */ = {
			isa = XCBuildConfiguration;
			buildSettings = {
				ALWAYS_EMBED_SWIFT_STANDARD_LIBRARIES = YES;
				CODE_SIGN_STYLE = Automatic;
				INFOPLIST_FILE = JSONFileParsingUITests/Info.plist;
				LD_RUNPATH_SEARCH_PATHS = (
					"$(inherited)",
					"@executable_path/Frameworks",
					"@loader_path/Frameworks",
				);
				PRODUCT_BUNDLE_IDENTIFIER = "com.papa.-.JSONFileParsingUITests";
				PRODUCT_NAME = "$(TARGET_NAME)";
				SWIFT_VERSION = 5.0;
				TARGETED_DEVICE_FAMILY = "1,2";
				TEST_TARGET_NAME = JSONFileParsing;
			};
			name = Debug;
		};
		4966266E234454E20026624B /* Release */ = {
			isa = XCBuildConfiguration;
			buildSettings = {
				ALWAYS_EMBED_SWIFT_STANDARD_LIBRARIES = YES;
				CODE_SIGN_STYLE = Automatic;
				INFOPLIST_FILE = JSONFileParsingUITests/Info.plist;
				LD_RUNPATH_SEARCH_PATHS = (
					"$(inherited)",
					"@executable_path/Frameworks",
					"@loader_path/Frameworks",
				);
				PRODUCT_BUNDLE_IDENTIFIER = "com.papa.-.JSONFileParsingUITests";
				PRODUCT_NAME = "$(TARGET_NAME)";
				SWIFT_VERSION = 5.0;
				TARGETED_DEVICE_FAMILY = "1,2";
				TEST_TARGET_NAME = JSONFileParsing;
			};
			name = Release;
		};
/* End XCBuildConfiguration section */

/* Begin XCConfigurationList section */
		49662639234454DE0026624B /* Build configuration list for PBXProject "JSONFileParsing" */ = {
			isa = XCConfigurationList;
			buildConfigurations = (
				49662664234454E20026624B /* Debug */,
				49662665234454E20026624B /* Release */,
			);
			defaultConfigurationIsVisible = 0;
			defaultConfigurationName = Release;
		};
		49662666234454E20026624B /* Build configuration list for PBXNativeTarget "JSONFileParsing" */ = {
			isa = XCConfigurationList;
			buildConfigurations = (
				49662667234454E20026624B /* Debug */,
				49662668234454E20026624B /* Release */,
			);
			defaultConfigurationIsVisible = 0;
			defaultConfigurationName = Release;
		};
		49662669234454E20026624B /* Build configuration list for PBXNativeTarget "JSONFileParsingTests" */ = {
			isa = XCConfigurationList;
			buildConfigurations = (
				4966266A234454E20026624B /* Debug */,
				4966266B234454E20026624B /* Release */,
			);
			defaultConfigurationIsVisible = 0;
			defaultConfigurationName = Release;
		};
		4966266C234454E20026624B /* Build configuration list for PBXNativeTarget "JSONFileParsingUITests" */ = {
			isa = XCConfigurationList;
			buildConfigurations = (
				4966266D234454E20026624B /* Debug */,
				4966266E234454E20026624B /* Release */,
			);
			defaultConfigurationIsVisible = 0;
			defaultConfigurationName = Release;
		};
/* End XCConfigurationList section */
	};
	rootObject = 49662636234454DE0026624B /* Project object */;
}
